{
  "name": "get-epsg-from-wgs84",
  "version": "1.0.0",
  "lockfileVersion": 1,
  "requires": true,
  "dependencies": {
    "epsg-index": {
      "version": "1.0.0",
      "resolved": "https://registry.npmjs.org/epsg-index/-/epsg-index-1.0.0.tgz",
      "integrity": "sha512-7EcEC97QaNzSKakpc6HgVdxBc7G1vEuNRIygjVXBvrLA+t8+4QlK6jisf0g552eSzBIAkx0IRmd/CWJKLc/W5A=="
    },
    "mgrs": {
      "version": "1.0.0",
      "resolved": "https://registry.npmjs.org/mgrs/-/mgrs-1.0.0.tgz",
      "integrity": "sha1-+5FYjnjJACVnI5XLQLJffNatGCk="
    },
    "proj4": {
      "version": "2.6.0",
      "resolved": "https://registry.npmjs.org/proj4/-/proj4-2.6.0.tgz",
      "integrity": "sha512-ll2WyehUFOyzEZtN8hAiOTmZpuDCN5V+4A/HjhPbhlwVwlsFKnIHSZ3l3uhzgDndHjoL2MyERFGe9VmXN4rYUg==",
      "requires": {
        "mgrs": "1.0.0",
        "wkt-parser": "^1.2.0"
      }
    },
    "wkt-parser": {
      "version": "1.2.4",
      "resolved": "https://registry.npmjs.org/wkt-parser/-/wkt-parser-1.2.4.tgz",
      "integrity": "sha512-ZzKnc7ml/91fOPh5bANBL4vUlWPIYYv11waCtWTkl2TRN+LEmBg60Q1MA8gqV4hEp4MGfSj9JiHz91zw/gTDXg=="
    }
  }
}
